PODS:
  - Alamofire (3.2.0)
  - BmobSDK (1.6.6)
  - ChameleonFramework/Default (2.1.0)
  - ChameleonFramework/Swift (2.1.0):
    - ChameleonFramework/Default
  - Charts (2.2.2):
    - Charts/Core (= 2.2.2)
  - Charts/Core (2.2.2)
  - PDTSimpleCalendar (0.9.1)
  - QRCodeReader.swift (5.3.1)
  - Spring (1.0.3)
  - SwiftOverlays (1.0)
  - SwiftyJSON (2.3.2)
  - TextFieldEffects (1.1.0)

DEPENDENCIES:
  - Alamofire
  - BmobSDK
  - ChameleonFramework/Swift
  - Charts
  - PDTSimpleCalendar
  - QRCodeReader.swift
  - Spring (from `https://github.com/MengTo/Spring.git`, branch `swift2`)
  - SwiftOverlays
  - SwiftyJSON
  - TextFieldEffects

EXTERNAL SOURCES:
  Spring:
    :branch: swift2
    :git: https://github.com/MengTo/Spring.git

CHECKOUT OPTIONS:
  Spring:
    :commit: 18d5c7b74489de8044e34767f856d1e574f0820e
    :git: https://github.com/MengTo/Spring.git

SPEC CHECKSUMS:
  Alamofire: 4da478599fccddff361205c8929333d7fe18dceb
  BmobSDK: c896d4ff3986f2b4fc8406fb2b801230f7419878
  ChameleonFramework: d21a3cc247abfe5e37609a283a8238b03575cf64
  Charts: e32b718fa716bdb7693b9e419d6d4a39a3f7992e
  PDTSimpleCalendar: d1c03387678422715dc021aa1a85d70f4d1014f2
  QRCodeReader.swift: 6aa05e4b9123f5bbbe1e7f1d5df28d590cc56775
  Spring: 3f02b5dc3308572ef177b3cad0fa7bbc4b0706f7
  SwiftOverlays: 6a47bab3ed2784c378f07b275269f9e8231526e6
  SwiftyJSON: 04ccea08915aa0109039157c7974cf0298da292a
  TextFieldEffects: 8e43fea8836e97be80fc4db27a1596c9e98a26ba

PODFILE CHECKSUM: 0062c2378c20e48e709172d2cd47f3fef17efc6b

COCOAPODS: 1.0.0.beta.4
